
Microsoft Visual Studio Solution File, Format Version 12.00
Project("{FAE04EC0-301F-11D3-BF4B-00C04F79EFBC}") = "GameObjects", "GameObjects\GameObjects.csproj", "{8F55F7B1-F095-4659-9283-CBDB752F224A}"
EndProject
Project("{FAE04EC0-301F-11D3-BF4B-00C04F79EFBC}") = "Shared", "..\shared\Shared.csproj", "{AD1F7345-F9EF-4323-9C2D-6FFD4AD46800}"
EndProject
Global
	GlobalSection(SolutionConfigurationPlatforms) = preSolution
		Debug|Any CPU = Debug|Any CPU
		Release|Any CPU = Release|Any CPU
	EndGlobalSection
	GlobalSection(ProjectConfigurationPlatforms) = postSolution
		{8F55F7B1-F095-4659-9283-CBDB752F224A}.Debug|Any CPU.ActiveCfg = Debug|Any CPU
		{8F55F7B1-F095-4659-9283-CBDB752F224A}.Debug|Any CPU.Build.0 = Debug|Any CPU
		{8F55F7B1-F095-4659-9283-CBDB752F224A}.Release|Any CPU.ActiveCfg = Release|Any CPU
		{8F55F7B1-F095-4659-9283-CBDB752F224A}.Release|Any CPU.Build.0 = Release|Any CPU
		{AD1F7345-F9EF-4323-9C2D-6FFD4AD46800}.Debug|Any CPU.ActiveCfg = Debug|Any CPU
		{AD1F7345-F9EF-4323-9C2D-6FFD4AD46800}.Debug|Any CPU.Build.0 = Debug|Any CPU
		{AD1F7345-F9EF-4323-9C2D-6FFD4AD46800}.Release|Any CPU.ActiveCfg = Release|Any CPU
		{AD1F7345-F9EF-4323-9C2D-6FFD4AD46800}.Release|Any CPU.Build.0 = Release|Any CPU
	EndGlobalSection
EndGlobal
