
Microsoft Visual Studio Solution File, Format Version 12.00
Project("{FAE04EC0-301F-11D3-BF4B-00C04F79EFBC}") = "GameServer", "GameServer\GameServer.csproj", "{A4F90BC9-A764-4EE0-B40C-289A2CC4636F}"
EndProject
Project("{FAE04EC0-301F-11D3-BF4B-00C04F79EFBC}") = "GameKernel", "..\GameLogic\GameKernel\GameKernel.csproj", "{CF3C1246-66AE-419C-9102-974BBB0DF90D}"
EndProject
Project("{FAE04EC0-301F-11D3-BF4B-00C04F79EFBC}") = "Shared", "..\shared\Shared.csproj", "{FAA12820-2560-416A-AB2E-D27A0FCB1449}"
EndProject
Global
	GlobalSection(SolutionConfigurationPlatforms) = preSolution
		Debug|Any CPU = Debug|Any CPU
		Release|Any CPU = Release|Any CPU
	EndGlobalSection
	GlobalSection(ProjectConfigurationPlatforms) = postSolution
		{A4F90BC9-A764-4EE0-B40C-289A2CC4636F}.Debug|Any CPU.ActiveCfg = Debug|Any CPU
		{A4F90BC9-A764-4EE0-B40C-289A2CC4636F}.Debug|Any CPU.Build.0 = Debug|Any CPU
		{A4F90BC9-A764-4EE0-B40C-289A2CC4636F}.Release|Any CPU.ActiveCfg = Release|Any CPU
		{A4F90BC9-A764-4EE0-B40C-289A2CC4636F}.Release|Any CPU.Build.0 = Release|Any CPU
		{CF3C1246-66AE-419C-9102-974BBB0DF90D}.Debug|Any CPU.ActiveCfg = Debug|Any CPU
		{CF3C1246-66AE-419C-9102-974BBB0DF90D}.Debug|Any CPU.Build.0 = Debug|Any CPU
		{CF3C1246-66AE-419C-9102-974BBB0DF90D}.Release|Any CPU.ActiveCfg = Release|Any CPU
		{CF3C1246-66AE-419C-9102-974BBB0DF90D}.Release|Any CPU.Build.0 = Release|Any CPU
		{FAA12820-2560-416A-AB2E-D27A0FCB1449}.Debug|Any CPU.ActiveCfg = Debug|Any CPU
		{FAA12820-2560-416A-AB2E-D27A0FCB1449}.Debug|Any CPU.Build.0 = Debug|Any CPU
		{FAA12820-2560-416A-AB2E-D27A0FCB1449}.Release|Any CPU.ActiveCfg = Release|Any CPU
		{FAA12820-2560-416A-AB2E-D27A0FCB1449}.Release|Any CPU.Build.0 = Release|Any CPU
	EndGlobalSection
EndGlobal
